
Microsoft Visual Studio Solution File, Format Version 12.00
# Visual Studio Version 17
VisualStudioVersion = 17.4.33110.190
MinimumVisualStudioVersion = 10.0.40219.1
Project("{FAE04EC0-301F-11D3-BF4B-00C04F79EFBC}") = "WestWorld", "WestWorld\WestWorld.csproj", "{78BC2ED9-D8C8-43F5-98D8-EC17E51CDF8E}"
EndProject
Global
	GlobalSection(SolutionConfigurationPlatforms) = preSolution
		Debug|Any CPU = Debug|Any CPU
		Release|Any CPU = Release|Any CPU
	EndGlobalSection
	GlobalSection(ProjectConfigurationPlatforms) = postSolution
		{78BC2ED9-D8C8-43F5-98D8-EC17E51CDF8E}.Debug|Any CPU.ActiveCfg = Debug|Any CPU
		{78BC2ED9-D8C8-43F5-98D8-EC17E51CDF8E}.Debug|Any CPU.Build.0 = Debug|Any CPU
		{78BC2ED9-D8C8-43F5-98D8-EC17E51CDF8E}.Release|Any CPU.ActiveCfg = Release|Any CPU
		{78BC2ED9-D8C8-43F5-98D8-EC17E51CDF8E}.Release|Any CPU.Build.0 = Release|Any CPU
	EndGlobalSection
	GlobalSection(SolutionProperties) = preSolution
		HideSolutionNode = FALSE
	EndGlobalSection
	GlobalSection(ExtensibilityGlobals) = postSolution
		SolutionGuid = {2DF29CFB-B437-4AED-8AE9-0149D002F719}
	EndGlobalSection
EndGlobal
